
Microsoft Visual Studio Solution File, Format Version 12.00
# Visual Studio Version 16
VisualStudioVersion = 16.0.30711.63
MinimumVisualStudioVersion = 10.0.40219.1
Project("{FAE04EC0-301F-11D3-BF4B-00C04F79EFBC}") = "RichBarberShop", "RichBarberShop\RichBarberShop.csproj", "{67974C6C-007C-4030-A857-5D8D091D8284}"
EndProject
Global
	GlobalSection(SolutionConfigurationPlatforms) = preSolution
		Debug|Any CPU = Debug|Any CPU
		Release|Any CPU = Release|Any CPU
	EndGlobalSection
	GlobalSection(ProjectConfigurationPlatforms) = postSolution
		{67974C6C-007C-4030-A857-5D8D091D8284}.Debug|Any CPU.ActiveCfg = Debug|Any CPU
		{67974C6C-007C-4030-A857-5D8D091D8284}.Debug|Any CPU.Build.0 = Debug|Any CPU
		{67974C6C-007C-4030-A857-5D8D091D8284}.Release|Any CPU.ActiveCfg = Release|Any CPU
		{67974C6C-007C-4030-A857-5D8D091D8284}.Release|Any CPU.Build.0 = Release|Any CPU
	EndGlobalSection
	GlobalSection(SolutionProperties) = preSolution
		HideSolutionNode = FALSE
	EndGlobalSection
	GlobalSection(ExtensibilityGlobals) = postSolution
		SolutionGuid = {82175F38-9054-419E-8B93-B38759DD4CEA}
	EndGlobalSection
EndGlobal
